<?xml version="1.0" encoding="utf-8"?>
<Project ToolsVersion="4.0" xmlns="http://schemas.microsoft.com/developer/msbuild/2003">
  <ItemGroup>
    <Filter Include="Source Files">
      <UniqueIdentifier>{4FC737F1-C7A5-4376-A066-2A32D752A2FF}</UniqueIdentifier>
      <Extensions>cpp;c;cc;cxx;def;odl;idl;hpj;bat;asm;asmx</Extensions>
    </Filter>
    <Filter Include="Header Files">
      <UniqueIdentifier>{93995380-89BD-4b04-88EB-625FBE52EBFB}</UniqueIdentifier>
      <Extensions>h;hh;hpp;hxx;hm;inl;inc;xsd</Extensions>
    </Filter>
    <Filter Include="Resource Files">
      <UniqueIdentifier>{D9D6E242-F8AF-46E4-B9FD-80ECBC20BA3E}</UniqueIdentifier>
      <Extensions>qrc;*</Extensions>
      <ParseFiles>false</ParseFiles>
    </Filter>
    <Filter Include="Form Files">
      <UniqueIdentifier>{99349809-55BA-4b9d-BF79-8FDBB0286EB3}</UniqueIdentifier>
      <Extensions>ui</Extensions>
    </Filter>
    <Filter Include="Resource Files">
      <UniqueIdentifier>{D9D6E242-F8AF-46E4-B9FD-80ECBC20BA3E}</UniqueIdentifier>
      <Extensions>qrc;*</Extensions>
      <ParseFiles>false</ParseFiles>
    </Filter>
    <Filter Include="Generated Files">
      <UniqueIdentifier>{71ED8ED8-ACB9-4CE9-BBE1-E00B30144E11}</UniqueIdentifier>
      <Extensions>moc;h;cpp</Extensions>
      <SourceControlFiles>False</SourceControlFiles>
    </Filter>
    <Filter Include="Source Files\Engine">
      <UniqueIdentifier>{ed4fdf3c-fb5c-4425-a6f4-c88263bdf481}</UniqueIdentifier>
    </Filter>
    <Filter Include="Header Files\Engine">
      <UniqueIdentifier>{0a79a7f3-0d2d-4637-802b-d7a0bf2a76f7}</UniqueIdentifier>
    </Filter>
    <Filter Include="Source Files\Preview">
      <UniqueIdentifier>{cea8e423-e94e-4df7-bd4e-d8d5af38a9cf}</UniqueIdentifier>
    </Filter>
    <Filter Include="Header Files\Preview">
      <UniqueIdentifier>{43c03a63-a989-40fd-bf69-9e5e2ace3b17}</UniqueIdentifier>
    </Filter>
    <Filter Include="Shaders">
      <UniqueIdentifier>{b228fa8e-2e2e-40e3-baf1-2552aa444cb8}</UniqueIdentifier>
    </Filter>
  </ItemGroup>
  <ItemGroup>
    <ClCompile Include="main.cpp">
      <Filter>Source Files</Filter>
    </ClCompile>
    <ClCompile Include="grassRenderer.cpp">
      <Filter>Source Files</Filter>
    </ClCompile>
    <ClCompile Include="engine.cpp">
      <Filter>Source Files\Engine</Filter>
    </ClCompile>
    <ClCompile Include="d3dRendererWidget.cpp">
      <Filter>Source Files\Engine</Filter>
    </ClCompile>
    <ClCompile Include="gameObject.cpp">
      <Filter>Source Files\Engine</Filter>
    </ClCompile>
    <ClCompile Include="component.cpp">
      <Filter>Source Files\Engine</Filter>
    </ClCompile>
    <ClCompile Include="camera.cpp">
      <Filter>Source Files\Engine</Filter>
    </ClCompile>
    <ClCompile Include="meshRenderer.cpp">
      <Filter>Source Files\Engine</Filter>
    </ClCompile>
    <ClCompile Include="material.cpp">
      <Filter>Source Files\Engine</Filter>
    </ClCompile>
    <ClCompile Include="shader.cpp">
      <Filter>Source Files\Engine</Filter>
    </ClCompile>
    <ClCompile Include="preview.cpp">
      <Filter>Source Files\Preview</Filter>
    </ClCompile>
    <ClCompile Include="transform.cpp">
      <Filter>Source Files\Engine</Filter>
    </ClCompile>
    <ClCompile Include="renderer.cpp">
      <Filter>Source Files\Engine</Filter>
    </ClCompile>
    <ClCompile Include="taskTimer.cpp">
      <Filter>Source Files\Engine</Filter>
    </ClCompile>
    <ClCompile Include="constantBuffer.cpp">
      <Filter>Source Files\Engine</Filter>
    </ClCompile>
    <ClCompile Include="mesh.cpp">
      <Filter>Source Files\Engine</Filter>
    </ClCompile>
    <ClCompile Include="logger.cpp">
      <Filter>Source Files\Engine</Filter>
    </ClCompile>
    <ClCompile Include="previewProperties.cpp">
      <Filter>Source Files\Preview</Filter>
    </ClCompile>
  </ItemGroup>
  <ItemGroup>
    <QtRcc Include="grassRenderer.qrc">
      <Filter>Resource Files</Filter>
    </QtRcc>
  </ItemGroup>
  <ItemGroup>
    <QtMoc Include="grassRenderer.h">
      <Filter>Header Files</Filter>
    </QtMoc>
    <QtMoc Include="d3dRendererWidget.h">
      <Filter>Header Files\Engine</Filter>
    </QtMoc>
  </ItemGroup>
  <ItemGroup>
    <QtUic Include="grassRenderer.ui">
      <Filter>Form Files</Filter>
    </QtUic>
  </ItemGroup>
  <ItemGroup>
    <ClInclude Include="GeneratedFiles\ui_grassRenderer.h">
      <Filter>Generated Files</Filter>
    </ClInclude>
    <ClInclude Include="main.h">
      <Filter>Header Files</Filter>
    </ClInclude>
    <ClInclude Include="camera.h">
      <Filter>Header Files\Engine</Filter>
    </ClInclude>
    <ClInclude Include="meshRenderer.h">
      <Filter>Header Files\Engine</Filter>
    </ClInclude>
    <ClInclude Include="material.h">
      <Filter>Header Files\Engine</Filter>
    </ClInclude>
    <ClInclude Include="shader.h">
      <Filter>Header Files\Engine</Filter>
    </ClInclude>
    <ClInclude Include="preview.h">
      <Filter>Header Files\Preview</Filter>
    </ClInclude>
    <ClInclude Include="gameObject.h">
      <Filter>Header Files\Engine</Filter>
    </ClInclude>
    <ClInclude Include="component.h">
      <Filter>Header Files\Engine</Filter>
    </ClInclude>
    <ClInclude Include="transform.h">
      <Filter>Header Files\Engine</Filter>
    </ClInclude>
    <ClInclude Include="engine.h">
      <Filter>Header Files\Engine</Filter>
    </ClInclude>
    <ClInclude Include="renderer.h">
      <Filter>Header Files\Engine</Filter>
    </ClInclude>
    <ClInclude Include="taskTimer.h">
      <Filter>Header Files\Engine</Filter>
    </ClInclude>
    <ClInclude Include="constantBuffer.h">
      <Filter>Header Files\Engine</Filter>
    </ClInclude>
    <ClInclude Include="mesh.h">
      <Filter>Header Files\Engine</Filter>
    </ClInclude>
    <ClInclude Include="logger.h">
      <Filter>Header Files\Engine</Filter>
    </ClInclude>
    <ClInclude Include="previewProperties.h">
      <Filter>Header Files\Preview</Filter>
    </ClInclude>
  </ItemGroup>
  <ItemGroup>
    <None Include="shaders\grass.hlsl">
      <Filter>Shaders</Filter>
    </None>
    <None Include="shaders\red.hlsl">
      <Filter>Shaders</Filter>
    </None>
  </ItemGroup>
</Project>